<?xml version="1.0" encoding="utf-8"?>
<Project ToolsVersion="4.0" xmlns="http://schemas.microsoft.com/developer/msbuild/2003">
  <ItemGroup>
    <ClCompile Include="Dialogue.cpp" />
    <ClCompile Include="EntitySystem.cpp" />
    <ClCompile Include="EntitySystem.h" />
    <ClCompile Include="FontManager.cpp" />
    <ClCompile Include="Game.cpp" />
    <ClCompile Include="GameplayScreen.cpp" />
    <ClCompile Include="Lightning.cpp" />
    <ClCompile Include="LightningSystem.cpp" />
    <ClCompile Include="LoggingSystem.cpp" />
    <ClCompile Include="MainMenuScreen.cpp" />
    <ClCompile Include="MenuOption.cpp" />
    <ClCompile Include="MessageBus.cpp" />
    <ClCompile Include="RainParticleSystem.cpp" />
    <ClCompile Include="Screen.cpp" />
    <ClCompile Include="ScreenManager.cpp" />
    <ClCompile Include="SnowParticleSystem.cpp" />
    <ClCompile Include="TestSystem.cpp" />
    <ClCompile Include="TextParticleSystem.cpp" />
    <ClCompile Include="World.cpp" />
    <ClCompile Include="DialogueEditorMessageNode.cpp" />
    <ClCompile Include="DialogueEditorOptionNode.cpp" />
    <ClCompile Include="DialogueEditorScreen.cpp" />
    <ClCompile Include="DialogueEditorPanel.cpp" />
  </ItemGroup>
  <ItemGroup>
    <ClInclude Include="Dialogue.h" />
    <ClInclude Include="Components.h" />
    <ClInclude Include="EntityComponentSystem.h" />
    <ClInclude Include="FontManager.h" />
    <ClInclude Include="Game.h" />
    <ClInclude Include="GameplayScreen.h" />
    <ClInclude Include="Lightning.h" />
    <ClInclude Include="LightningSystem.h" />
    <ClInclude Include="LoggingSystem.h" />
    <ClInclude Include="MainMenuScreen.h" />
    <ClInclude Include="MathUtils.h" />
    <ClInclude Include="MenuOption.h" />
    <ClInclude Include="Message.h" />
    <ClInclude Include="MessageBus.h" />
    <ClInclude Include="Particle.h" />
    <ClInclude Include="RainParticleSystem.h" />
    <ClInclude Include="Screen.h" />
    <ClInclude Include="ScreenManager.h" />
    <ClInclude Include="SnowParticleSystem.h" />
    <ClInclude Include="System.h" />
    <ClInclude Include="TestMessage.h" />
    <ClInclude Include="TestSystem.h" />
    <ClInclude Include="TextParticleSystem.h" />
    <ClInclude Include="World.h" />
    <ClInclude Include="DialogueEditorMessageNode.h" />
    <ClInclude Include="DialogueEditorOptionNode.h" />
    <ClInclude Include="DialogueEditorScreen.h" />
    <ClInclude Include="DialogueEditorPanel.h" />
  </ItemGroup>
</Project>